
Microsoft Visual Studio Solution File, Format Version 12.00
# Visual Studio Version 16
VisualStudioVersion = 16.0.29728.190
MinimumVisualStudioVersion = 10.0.40219.1
Project("{FAE04EC0-301F-11D3-BF4B-00C04F79EFBC}") = "Lab_4", "Lab_4\Lab_4.csproj", "{C99A0481-2085-4760-846B-9F01A6F173D0}"
EndProject
Global
	GlobalSection(SolutionConfigurationPlatforms) = preSolution
		Debug|Any CPU = Debug|Any CPU
		Release|Any CPU = Release|Any CPU
	EndGlobalSection
	GlobalSection(ProjectConfigurationPlatforms) = postSolution
		{C99A0481-2085-4760-846B-9F01A6F173D0}.Debug|Any CPU.ActiveCfg = Debug|Any CPU
		{C99A0481-2085-4760-846B-9F01A6F173D0}.Debug|Any CPU.Build.0 = Debug|Any CPU
		{C99A0481-2085-4760-846B-9F01A6F173D0}.Release|Any CPU.ActiveCfg = Release|Any CPU
		{C99A0481-2085-4760-846B-9F01A6F173D0}.Release|Any CPU.Build.0 = Release|Any CPU
	EndGlobalSection
	GlobalSection(SolutionProperties) = preSolution
		HideSolutionNode = FALSE
	EndGlobalSection
	GlobalSection(ExtensibilityGlobals) = postSolution
		SolutionGuid = {CD31D29B-3B47-4B69-89D3-421ABC94E195}
	EndGlobalSection
EndGlobal
